{
  "name": "monet-astro-prototype",
  "version": "1.0.0",
  "lockfileVersion": 3,
  "requires": true,
  "packages": {
    "": {
      "name": "monet-astro-prototype",
      "version": "1.0.0",
      "license": "MIT",
      "devDependencies": {
        "astro": "^4.16.7"
      }
    }
  },
  "dependencies": {}
}
